github.com/sonatype-nexus-community/nexus-iq-api-client-go v0.195.1 h1:1xGUQVC4Hire7BX1Myu350S84QZLf02ddjd/JhH6g/M=
github.com/sonatype-nexus-community/nexus-iq-api-client-go v0.195.1/go.mod h1:l4BJPA4QzKv93upbfyG8UeWf5XQ22Q/lgoCb9yoB2KE=
github.com/sonatype-nexus-community/nexus-iq-api-client-go v0.196.0 h1:1SU9m9vF9ZsAZIQ5MCcu5hrLmT6lhUwNaXYHEa6ySWo=
github.com/sonatype-nexus-community/nexus-iq-api-client-go v0.196.0/go.mod h1:l4BJPA4QzKv93upbfyG8UeWf5XQ22Q/lgoCb9yoB2KE=
github.com/sonatype-nexus-community/nexus-repo-api-client-go/v3 v3.84.1 h1:OOgbJSa6UIya5dSvJ51yO86j4rZzZvkFTOEiQA7L2Zg=
github.com/sonatype-nexus-community/nexus-repo-api-client-go/v3 v3.84.1/go.mod h1:aflMwOI/XkRO3HuXgCVlh+zPFj9KVkDtE1ZwWqJeCm0=
